{
    "_readme": [
        "This file locks the dependencies of your project to a known state",
        "Read more about it at http://getcomposer.org/doc/01-basic-usage.md#composer-lock-the-lock-file",
        "This file is @generated automatically"
    ],
    "hash": "7c8836fdf680534dd39c29ea44b83a40",
    "packages": [
        {
            "name": "bgillet/slim-twig",
            "version": "1.0.1",
            "source": {
                "type": "git",
                "url": "https://github.com/bgillet/slim-twig.git",
                "reference": "cefcb879d9dc33740af32bd192c4fb28e7c5ae69"
            },
            "dist": {
                "type": "zip",
                "url": "https://api.github.com/repos/bgillet/slim-twig/zipball/cefcb879d9dc33740af32bd192c4fb28e7c5ae69",
                "reference": "cefcb879d9dc33740af32bd192c4fb28e7c5ae69",
                "shasum": ""
            },
            "require": {
                "slim/slim": "~2.4",
                "twig/twig": "~1.16"
            },
            "type": "library",
            "autoload": {
                "psr-4": {
                    "BenGee\\": "src/BenGee/"
                }
            },
            "notification-url": "https://packagist.org/downloads/",
            "license": [
                "MIT"
            ],
            "authors": [
                {
                    "name": "Benjamin GILLET",
                    "email": "bgillet@hotmail.fr"
                }
            ],
            "description": "Another Slim view adapter for Twig template engine.",
            "time": "2014-10-12 12:21:04"
        },
        {
            "name": "bgillet/slim-utils",
            "version": "1.2.1",
            "source": {
                "type": "git",
                "url": "https://github.com/bgillet/slim-utils.git",
                "reference": "f9e3924ab1398338f6a5ef0203c4213e6d896893"
            },
            "dist": {
                "type": "zip",
                "url": "https://api.github.com/repos/bgillet/slim-utils/zipball/f9e3924ab1398338f6a5ef0203c4213e6d896893",
                "reference": "f9e3924ab1398338f6a5ef0203c4213e6d896893",
                "shasum": ""
            },
            "type": "library",
            "autoload": {
                "psr-4": {
                    "BenGee\\": "src/BenGee/"
                }
            },
            "notification-url": "https://packagist.org/downloads/",
            "license": [
                "MIT"
            ],
            "authors": [
                {
                    "name": "Benjamin GILLET",
                    "email": "bgillet@hotmail.fr"
                }
            ],
            "description": "Collection of utility classes for Slim based apps",
            "time": "2014-10-12 12:01:43"
        },
        {
            "name": "slim/slim",
            "version": "2.4.3",
            "source": {
                "type": "git",
                "url": "https://github.com/codeguy/Slim.git",
                "reference": "4906b77a07c7bd6ff1a99aea903e940a2d4fa106"
            },
            "dist": {
                "type": "zip",
                "url": "https://api.github.com/repos/codeguy/Slim/zipball/4906b77a07c7bd6ff1a99aea903e940a2d4fa106",
                "reference": "4906b77a07c7bd6ff1a99aea903e940a2d4fa106",
                "shasum": ""
            },
            "require": {
                "php": ">=5.3.0"
            },
            "suggest": {
                "ext-mcrypt": "Required for HTTP cookie encryption"
            },
            "type": "library",
            "autoload": {
                "psr-0": {
                    "Slim": "."
                }
            },
            "notification-url": "https://packagist.org/downloads/",
            "license": [
                "MIT"
            ],
            "authors": [
                {
                    "name": "Josh Lockhart",
                    "email": "info@joshlockhart.com",
                    "homepage": "http://www.joshlockhart.com/"
                }
            ],
            "description": "Slim Framework, a PHP micro framework",
            "homepage": "http://github.com/codeguy/Slim",
            "keywords": [
                "microframework",
                "rest",
                "router"
            ],
            "time": "2014-04-05 18:33:59"
        },
        {
            "name": "twig/twig",
            "version": "v1.16.1",
            "source": {
                "type": "git",
                "url": "https://github.com/fabpot/Twig.git",
                "reference": "7c4c01dcf578523cfcddf383641a4f12790270ec"
            },
            "dist": {
                "type": "zip",
                "url": "https://api.github.com/repos/fabpot/Twig/zipball/7c4c01dcf578523cfcddf383641a4f12790270ec",
                "reference": "7c4c01dcf578523cfcddf383641a4f12790270ec",
                "shasum": ""
            },
            "require": {
                "php": ">=5.2.4"
            },
            "type": "library",
            "extra": {
                "branch-alias": {
                    "dev-master": "1.16-dev"
                }
            },
            "autoload": {
                "psr-0": {
                    "Twig_": "lib/"
                }
            },
            "notification-url": "https://packagist.org/downloads/",
            "license": [
                "BSD-3-Clause"
            ],
            "authors": [
                {
                    "name": "Fabien Potencier",
                    "email": "fabien@symfony.com",
                    "homepage": "http://fabien.potencier.org",
                    "role": "Lead Developer"
                },
                {
                    "name": "Armin Ronacher",
                    "email": "armin.ronacher@active-4.com",
                    "role": "Project Founder"
                },
                {
                    "name": "Twig Team",
                    "homepage": "https://github.com/fabpot/Twig/graphs/contributors",
                    "role": "Contributors"
                }
            ],
            "description": "Twig, the flexible, fast, and secure template language for PHP",
            "homepage": "http://twig.sensiolabs.org",
            "keywords": [
                "templating"
            ],
            "time": "2014-10-10 14:09:53"
        }
    ],
    "packages-dev": [],
    "aliases": [],
    "minimum-stability": "stable",
    "stability-flags": [],
    "prefer-stable": false,
    "platform": [],
    "platform-dev": []
}
